{
  "name": "abxdoku",
  "version": "0.1.0",
  "lockfileVersion": 3,
  "requires": true,
  "packages": {
    "": {
      "name": "abxdoku",
      "version": "0.1.0",
      "devDependencies": {
        "@artblocks/abx-cli": "0.2.0"
      },
      "engines": {
        "node": ">=22.13"
      }
    },
    "node_modules/@adraffy/ens-normalize": {
      "version": "1.11.1",
      "resolved": "https://registry.npmjs.org/@adraffy/ens-normalize/-/ens-normalize-1.11.1.tgz",
      "integrity": "sha512-nhCBV3quEgesuf7c7KYfperqSS14T8bYuvJ8PcLJp6znkZpFc0AuW4qBtr8eKVyPPe/8RSr7sglCWPU5eaxwKQ==",
      "dev": true,
      "license": "MIT"
    },
    "node_modules/@artblocks/abx-cli": {
      "version": "0.2.0",
      "resolved": "https://registry.npmjs.org/@artblocks/abx-cli/-/abx-cli-0.2.0.tgz",
      "integrity": "sha512-BmKzDSYHQ6MYKyBFyI9RVtQNASiadO15P/kcMgfGq3BdcBJrvwb5vpOXPz8qpDrBZWpXPWQ8uwqYjJNL0VmsZw==",
      "dev": true,
      "license": "MIT",
      "dependencies": {
        "@artblocks/abx-indexer": "0.1.1",
        "@artblocks/abx-sdk": "0.2.0",
        "@artblocks/abx-storage": "0.1.1",
        "@artblocks/abx-token-api": "0.2.0",
        "@hpke/chacha20poly1305": "1.8.0",
        "@hpke/core": "1.9.0",
        "@napi-rs/keyring": "2.0.0",
        "@privy-io/node": "0.34.0",
        "viem": "^2.56.5"
      },
      "bin": {
        "abx": "dist/bin.js"
      },
      "engines": {
        "node": ">=22.13.0"
      },
      "optionalDependencies": {
        "@artblocks/abx-effects": "0.1.1"
      }
    },
    "node_modules/@artblocks/abx-effects": {
      "version": "0.1.1",
      "resolved": "https://registry.npmjs.org/@artblocks/abx-effects/-/abx-effects-0.1.1.tgz",
      "integrity": "sha512-8yFwkcekVIso/PoOH/8RJLEzkExrh06jayFhJVzn7NckRc3gMgWf0tjDaT/c4Ooq49wspnfVfdX+ay9SsPEKPQ==",
      "dev": true,
      "license": "MIT",
      "optional": true,
      "dependencies": {
        "@artblocks/abx-sdk": "0.2.0",
        "@artblocks/abx-storage": "0.1.1",
        "playwright": "1.63.0",
        "viem": "^2.56.5"
      },
      "bin": {
        "abx-effects": "dist/main.js"
      },
      "engines": {
        "node": ">=22.13.0"
      }
    },
    "node_modules/@artblocks/abx-indexer": {
      "version": "0.1.1",
      "resolved": "https://registry.npmjs.org/@artblocks/abx-indexer/-/abx-indexer-0.1.1.tgz",
      "integrity": "sha512-4Q8JkQTi/x4aI8AhFRe1qqEad/qeYb5YH3aqQ6632rIcqG4D7Pex8XhaCCAKG/IyQjckhup0EVQZFV3U3qcwzA==",
      "dev": true,
      "license": "MIT",
      "dependencies": {
        "@artblocks/abx-sdk": "0.2.0",
        "viem": "^2.56.5"
      },
      "engines": {
        "node": ">=22.13.0"
      }
    },
    "node_modules/@artblocks/abx-sdk": {
      "version": "0.2.0",
      "resolved": "https://registry.npmjs.org/@artblocks/abx-sdk/-/abx-sdk-0.2.0.tgz",
      "integrity": "sha512-7+B1tVZlkDyMennnSB7JQnk2Jd/7Hpo9H0il8L3QKjSDVPwTBMiX8xL1dvElnzLspBM2li/tr33PwBYyg8lxPw==",
      "dev": true,
      "license": "MIT",
      "dependencies": {
        "viem": "^2.56.5"
      },
      "engines": {
        "node": ">=22.13.0"
      }
    },
    "node_modules/@artblocks/abx-storage": {
      "version": "0.1.1",
      "resolved": "https://registry.npmjs.org/@artblocks/abx-storage/-/abx-storage-0.1.1.tgz",
      "integrity": "sha512-HW9Nv6Mm34waH5DALgsBCMfEHFM7cwFZqM/QGpubH/qxGh2fcd2D1a/zxuKwhf5PdErAYZdg00dSHxBncNL7aQ==",
      "dev": true,
      "license": "MIT",
      "dependencies": {
        "@artblocks/abx-sdk": "0.2.0",
        "viem": "^2.56.5"
      },
      "engines": {
        "node": ">=22.13.0"
      },
      "peerDependencies": {
        "@artblocks/abx-storage-arweave": ">=0.1.0-alpha.0"
      },
      "peerDependenciesMeta": {
        "@artblocks/abx-storage-arweave": {
          "optional": true
        }
      }
    },
    "node_modules/@artblocks/abx-token-api": {
      "version": "0.2.0",
      "resolved": "https://registry.npmjs.org/@artblocks/abx-token-api/-/abx-token-api-0.2.0.tgz",
      "integrity": "sha512-dkkePQ1bYPLpWW8/wb8pJnel9BmaEYRD2ir9+p3sfbVdFPzb4A92+Nbigtui/UHPtKYhvXldiHgXMIOza59z9A==",
      "dev": true,
      "license": "MIT",
      "dependencies": {
        "@artblocks/abx-indexer": "0.1.1",
        "@artblocks/abx-sdk": "0.2.0",
        "@artblocks/abx-storage": "0.1.1",
        "viem": "^2.56.5"
      },
      "engines": {
        "node": ">=22.13.0"
      }
    },
    "node_modules/@hpke/chacha20poly1305": {
      "version": "1.8.0",
      "resolved": "https://registry.npmjs.org/@hpke/chacha20poly1305/-/chacha20poly1305-1.8.0.tgz",
      "integrity": "sha512-FcBfAQ+Y99vMNJP2yrZ9wpL8V0GOwp1+zMyzvc6alasrBygfFjFm1yeUtyADJCu/27C3Lm5mJzx6u7pwg+cX5w==",
      "dev": true,
      "license": "MIT",
      "dependencies": {
        "@hpke/common": "^1.10.0"
      },
      "engines": {
        "node": ">=16.0.0"
      }
    },
    "node_modules/@hpke/common": {
      "version": "1.10.1",
      "resolved": "https://registry.npmjs.org/@hpke/common/-/common-1.10.1.tgz",
      "integrity": "sha512-moJwhmtLtuxiUzzNp1jpfBfx8yefKoO9D/RCR9dmwrnc7qjJqId1rEtQz+lSlU5cabX8daToMSx/7HayXOiaFw==",
      "dev": true,
      "license": "MIT",
      "engines": {
        "node": ">=16.0.0"
      }
    },
    "node_modules/@hpke/core": {
      "version": "1.9.0",
      "resolved": "https://registry.npmjs.org/@hpke/core/-/core-1.9.0.tgz",
      "integrity": "sha512-pFxWl1nNJeQCSUFs7+GAblHvXBCjn9EPN65vdKlYQil2aURaRxfGMO6vBKGqm1YHTKwiAxJQNEI70PbSowMP9Q==",
      "dev": true,
      "license": "MIT",
      "dependencies": {
        "@hpke/common": "^1.10.0"
      },
      "engines": {
        "node": ">=16.0.0"
      }
    },
    "node_modules/@napi-rs/keyring": {
      "version": "2.0.0",
      "resolved": "https://registry.npmjs.org/@napi-rs/keyring/-/keyring-2.0.0.tgz",
      "integrity": "sha512-TnrIt0nO9U2Ue9E9vJQjso1hqhIYiGrn2Ew1HBsMSqQe4+ceOqPJJwRVsV0/Wy7pqp04/doOLASyIFM3gGwZJw==",
      "dev": true,
      "license": "MIT",
      "engines": {
        "node": ">= 10"
      },
      "funding": {
        "type": "github",
        "url": "https://github.com/sponsors/Brooooooklyn"
      },
      "optionalDependencies": {
        "@napi-rs/keyring-darwin-arm64": "2.0.0",
        "@napi-rs/keyring-darwin-x64": "2.0.0",
        "@napi-rs/keyring-freebsd-x64": "2.0.0",
        "@napi-rs/keyring-linux-arm-gnueabihf": "2.0.0",
        "@napi-rs/keyring-linux-arm64-gnu": "2.0.0",
        "@napi-rs/keyring-linux-arm64-musl": "2.0.0",
        "@napi-rs/keyring-linux-riscv64-gnu": "2.0.0",
        "@napi-rs/keyring-linux-x64-gnu": "2.0.0",
        "@napi-rs/keyring-linux-x64-musl": "2.0.0",
        "@napi-rs/keyring-win32-arm64-msvc": "2.0.0",
        "@napi-rs/keyring-win32-ia32-msvc": "2.0.0",
        "@napi-rs/keyring-win32-x64-msvc": "2.0.0"
      }
    },
    "node_modules/@napi-rs/keyring-darwin-arm64": {
      "version": "2.0.0",
      "resolved": "https://registry.npmjs.org/@napi-rs/keyring-darwin-arm64/-/keyring-darwin-arm64-2.0.0.tgz",
      "integrity": "sha512-yvIfviiXpsDSsPdyzWWd7STZt7v774biPfMBpWkiK7rwauwWbOmVjUzgiJ11rbhJbWLqXE3CuQMyLgvcbm3jIA==",
      "cpu": [
        "arm64"
      ],
      "dev": true,
      "license": "MIT",
      "optional": true,
      "os": [
        "darwin"
      ],
      "engines": {
        "node": ">= 10"
      }
    },
    "node_modules/@napi-rs/keyring-darwin-x64": {
      "version": "2.0.0",
      "resolved": "https://registry.npmjs.org/@napi-rs/keyring-darwin-x64/-/keyring-darwin-x64-2.0.0.tgz",
      "integrity": "sha512-XJUONH0c5cg7M9/1Vj3WeIi8TtWYdZlo8Jqho09ga8OWm9cFNxUv7+4QZx5UK/3JSp2qiyhTlresyKdcpwpnRw==",
      "cpu": [
        "x64"
      ],
      "dev": true,
      "license": "MIT",
      "optional": true,
      "os": [
        "darwin"
      ],
      "engines": {
        "node": ">= 10"
      }
    },
    "node_modules/@napi-rs/keyring-freebsd-x64": {
      "version": "2.0.0",
      "resolved": "https://registry.npmjs.org/@napi-rs/keyring-freebsd-x64/-/keyring-freebsd-x64-2.0.0.tgz",
      "integrity": "sha512-u/M114J9Lp3RqtIZihIqhvreNQ5f8wgLFo9tJFy+bIIO/xEHkMR0LENrfUF8hSY6FTNyS2kSbbkN6yOItBFY5g==",
      "cpu": [
        "x64"
      ],
      "dev": true,
      "license": "MIT",
      "optional": true,
      "os": [
        "freebsd"
      ],
      "engines": {
        "node": ">= 10"
      }
    },
    "node_modules/@napi-rs/keyring-linux-arm-gnueabihf": {
      "version": "2.0.0",
      "resolved": "https://registry.npmjs.org/@napi-rs/keyring-linux-arm-gnueabihf/-/keyring-linux-arm-gnueabihf-2.0.0.tgz",
      "integrity": "sha512-CHMv/KTuELo/MsrGUha52KrFGPBuBkeAonnMFUd3nNcxBTSmeJbCAZTuVSXzpessdpb4tT9xIMQsv2ZdWrl8iw==",
      "cpu": [
        "arm"
      ],
      "dev": true,
      "license": "MIT",
      "optional": true,
      "os": [
        "linux"
      ],
      "engines": {
        "node": ">= 10"
      }
    },
    "node_modules/@napi-rs/keyring-linux-arm64-gnu": {
      "version": "2.0.0",
      "resolved": "https://registry.npmjs.org/@napi-rs/keyring-linux-arm64-gnu/-/keyring-linux-arm64-gnu-2.0.0.tgz",
      "integrity": "sha512-BeUUPGSnW026yDGT4pKuNXDnwxw0xslwiSK6cuOIsDNLi3UO93rfF/7moqKznrBldgsZr8pl9LkMdRk8bnbjEA==",
      "cpu": [
        "arm64"
      ],
      "dev": true,
      "libc": [
        "glibc"
      ],
      "license": "MIT",
      "optional": true,
      "os": [
        "linux"
      ],
      "engines": {
        "node": ">= 10"
      }
    },
    "node_modules/@napi-rs/keyring-linux-arm64-musl": {
      "version": "2.0.0",
      "resolved": "https://registry.npmjs.org/@napi-rs/keyring-linux-arm64-musl/-/keyring-linux-arm64-musl-2.0.0.tgz",
      "integrity": "sha512-zj7wZ23Vs7SL4odnGDbWnhZhiyrnEgBe4+8dzKHDi1mTBX1d00FYlGOubkjvx3AeK7mm6G2FyFDDFqIxyR82gA==",
      "cpu": [
        "arm64"
      ],
      "dev": true,
      "libc": [
        "musl"
      ],
      "license": "MIT",
      "optional": true,
      "os": [
        "linux"
      ],
      "engines": {
        "node": ">= 10"
      }
    },
    "node_modules/@napi-rs/keyring-linux-riscv64-gnu": {
      "version": "2.0.0",
      "resolved": "https://registry.npmjs.org/@napi-rs/keyring-linux-riscv64-gnu/-/keyring-linux-riscv64-gnu-2.0.0.tgz",
      "integrity": "sha512-xk/1SOhuk2yQvXiN+pBhR4njSfquLm1SUKUIJcPIeYV1bHFXbUsYrXdfy4NtynSW0lhs41zWjLXSdE8TLeTt2g==",
      "cpu": [
        "riscv64"
      ],
      "dev": true,
      "libc": [
        "glibc"
      ],
      "license": "MIT",
      "optional": true,
      "os": [
        "linux"
      ],
      "engines": {
        "node": ">= 10"
      }
    },
    "node_modules/@napi-rs/keyring-linux-x64-gnu": {
      "version": "2.0.0",
      "resolved": "https://registry.npmjs.org/@napi-rs/keyring-linux-x64-gnu/-/keyring-linux-x64-gnu-2.0.0.tgz",
      "integrity": "sha512-12Dq6t2TOrQTibcJcfV5bnHbTvMwEz6zSDqQLHMO2x388gGFQBAeEvw7Hmt+R1QavxspTa2ptgI7axomu9TH+w==",
      "cpu": [
        "x64"
      ],
      "dev": true,
      "libc": [
        "glibc"
      ],
      "license": "MIT",
      "optional": true,
      "os": [
        "linux"
      ],
      "engines": {
        "node": ">= 10"
      }
    },
    "node_modules/@napi-rs/keyring-linux-x64-musl": {
      "version": "2.0.0",
      "resolved": "https://registry.npmjs.org/@napi-rs/keyring-linux-x64-musl/-/keyring-linux-x64-musl-2.0.0.tgz",
      "integrity": "sha512-7NJZvFUiL1FPCrSIQ1L4IUzN6l/2zoxT3IN6j3rHTuDdIEunJaycrUovDMvPlBNP1Vh3fSYz6Pp7tFjdt/1/oQ==",
      "cpu": [
        "x64"
      ],
      "dev": true,
      "libc": [
        "musl"
      ],
      "license": "MIT",
      "optional": true,
      "os": [
        "linux"
      ],
      "engines": {
        "node": ">= 10"
      }
    },
    "node_modules/@napi-rs/keyring-win32-arm64-msvc": {
      "version": "2.0.0",
      "resolved": "https://registry.npmjs.org/@napi-rs/keyring-win32-arm64-msvc/-/keyring-win32-arm64-msvc-2.0.0.tgz",
      "integrity": "sha512-JTktZGXKow0HF/rhaZiQYB8DUS/iSX7S7FvJDoGxPT8mGavKE3w/vadtfKSBNDL4uGef3wu2Ll0XxSfDKBsm2Q==",
      "cpu": [
        "arm64"
      ],
      "dev": true,
      "license": "MIT",
      "optional": true,
      "os": [
        "win32"
      ],
      "engines": {
        "node": ">= 10"
      }
    },
    "node_modules/@napi-rs/keyring-win32-ia32-msvc": {
      "version": "2.0.0",
      "resolved": "https://registry.npmjs.org/@napi-rs/keyring-win32-ia32-msvc/-/keyring-win32-ia32-msvc-2.0.0.tgz",
      "integrity": "sha512-AzvIFTqn1hJzCPu0foeYWn+kXruAIrVq3Z2IfJ24WPbIXUdD7+rcj49fqco7b14Z6C1aUfsSTyvrAgDfUWhKvA==",
      "cpu": [
        "ia32"
      ],
      "dev": true,
      "license": "MIT",
      "optional": true,
      "os": [
        "win32"
      ],
      "engines": {
        "node": ">= 10"
      }
    },
    "node_modules/@napi-rs/keyring-win32-x64-msvc": {
      "version": "2.0.0",
      "resolved": "https://registry.npmjs.org/@napi-rs/keyring-win32-x64-msvc/-/keyring-win32-x64-msvc-2.0.0.tgz",
      "integrity": "sha512-POpEUTV6U+pb69cpuOgtLV4xhcyEWDWq+/9zdiZmNxTL1AenE0MllWrbepS+Hng4M7EarQ5TB3kX69ASqGwfIw==",
      "cpu": [
        "x64"
      ],
      "dev": true,
      "license": "MIT",
      "optional": true,
      "os": [
        "win32"
      ],
      "engines": {
        "node": ">= 10"
      }
    },
    "node_modules/@noble/ciphers": {
      "version": "1.3.0",
      "resolved": "https://registry.npmjs.org/@noble/ciphers/-/ciphers-1.3.0.tgz",
      "integrity": "sha512-2I0gnIVPtfnMw9ee9h1dJG7tp81+8Ob3OJb3Mv37rx5L40/b0i7djjCVvGOVqc9AEIQyvyu1i6ypKdFw8R8gQw==",
      "dev": true,
      "license": "MIT",
      "engines": {
        "node": "^14.21.3 || >=16"
      },
      "funding": {
        "url": "https://paulmillr.com/funding/"
      }
    },
    "node_modules/@noble/curves": {
      "version": "1.9.7",
      "resolved": "https://registry.npmjs.org/@noble/curves/-/curves-1.9.7.tgz",
      "integrity": "sha512-gbKGcRUYIjA3/zCCNaWDciTMFI0dCkvou3TL8Zmy5Nc7sJ47a0jtOeZoTaMxkuqRo9cRhjOdZJXegxYE5FN/xw==",
      "dev": true,
      "license": "MIT",
      "dependencies": {
        "@noble/hashes": "1.8.0"
      },
      "engines": {
        "node": "^14.21.3 || >=16"
      },
      "funding": {
        "url": "https://paulmillr.com/funding/"
      }
    },
    "node_modules/@noble/hashes": {
      "version": "1.8.0",
      "resolved": "https://registry.npmjs.org/@noble/hashes/-/hashes-1.8.0.tgz",
      "integrity": "sha512-jCs9ldd7NwzpgXDIf6P3+NrHh9/sD6CQdxHyjQI+h/6rDNo88ypBxxz45UDuZHz9r3tNz7N/VInSVoVdtXEI4A==",
      "dev": true,
      "license": "MIT",
      "engines": {
        "node": "^14.21.3 || >=16"
      },
      "funding": {
        "url": "https://paulmillr.com/funding/"
      }
    },
    "node_modules/@privy-io/node": {
      "version": "0.34.0",
      "resolved": "https://registry.npmjs.org/@privy-io/node/-/node-0.34.0.tgz",
      "integrity": "sha512-oAcn4KSalOgRCKVEbQyF6VzZ6U6HHHe9uQShoy0cAJXQOkfY9beHASMHCVAEGcajo4fM1QV8a/3zf4gWoOKw7w==",
      "dev": true,
      "license": "Apache-2.0",
      "dependencies": {
        "@hpke/chacha20poly1305": "^1.7.1",
        "@hpke/core": "^1.7.5",
        "@noble/curves": "^1.9.7",
        "@noble/hashes": "^1.8.0",
        "@scure/base": "^1.2.5",
        "canonicalize": "^2.1.0",
        "jose": "^6.1.0",
        "lru-cache": "^11.1.0",
        "svix": "^1.92.2"
      },
      "peerDependencies": {
        "@solana/kit": "^5.1.0",
        "@x402/evm": "^2.3.0",
        "@x402/fetch": "^2.3.0",
        "@x402/svm": "^2.3.0",
        "viem": "^2.44.2"
      },
      "peerDependenciesMeta": {
        "@solana/kit": {
          "optional": true
        },
        "@x402/evm": {
          "optional": true
        },
        "@x402/fetch": {
          "optional": true
        },
        "@x402/svm": {
          "optional": true
        },
        "viem": {
          "optional": true
        }
      }
    },
    "node_modules/@scure/base": {
      "version": "1.2.6",
      "resolved": "https://registry.npmjs.org/@scure/base/-/base-1.2.6.tgz",
      "integrity": "sha512-g/nm5FgUa//MCj1gV09zTJTaM6KBAHqLN907YVQqf7zC49+DcO4B1so4ZX07Ef10Twr6nuqYEH9GEggFXA4Fmg==",
      "dev": true,
      "license": "MIT",
      "funding": {
        "url": "https://paulmillr.com/funding/"
      }
    },
    "node_modules/@scure/bip32": {
      "version": "1.7.0",
      "resolved": "https://registry.npmjs.org/@scure/bip32/-/bip32-1.7.0.tgz",
      "integrity": "sha512-E4FFX/N3f4B80AKWp5dP6ow+flD1LQZo/w8UnLGYZO674jS6YnYeepycOOksv+vLPSpgN35wgKgy+ybfTb2SMw==",
      "dev": true,
      "license": "MIT",
      "dependencies": {
        "@noble/curves": "~1.9.0",
        "@noble/hashes": "~1.8.0",
        "@scure/base": "~1.2.5"
      },
      "funding": {
        "url": "https://paulmillr.com/funding/"
      }
    },
    "node_modules/@scure/bip39": {
      "version": "1.6.0",
      "resolved": "https://registry.npmjs.org/@scure/bip39/-/bip39-1.6.0.tgz",
      "integrity": "sha512-+lF0BbLiJNwVlev4eKelw1WWLaiKXw7sSl8T6FvBlWkdX+94aGJ4o8XjUdlyhTCjd8c+B3KT3JfS8P0bLRNU6A==",
      "dev": true,
      "license": "MIT",
      "dependencies": {
        "@noble/hashes": "~1.8.0",
        "@scure/base": "~1.2.5"
      },
      "funding": {
        "url": "https://paulmillr.com/funding/"
      }
    },
    "node_modules/@stablelib/base64": {
      "version": "1.0.1",
      "resolved": "https://registry.npmjs.org/@stablelib/base64/-/base64-1.0.1.tgz",
      "integrity": "sha512-1bnPQqSxSuc3Ii6MhBysoWCg58j97aUjuCSZrGSmDxNqtytIi0k8utUenAwTZN4V5mXXYGsVUI9zeBqy+jBOSQ==",
      "dev": true,
      "license": "MIT"
    },
    "node_modules/abitype": {
      "version": "1.2.3",
      "resolved": "https://registry.npmjs.org/abitype/-/abitype-1.2.3.tgz",
      "integrity": "sha512-Ofer5QUnuUdTFsBRwARMoWKOH1ND5ehwYhJ3OJ/BQO+StkwQjHw0XyVh4vDttzHB7QOFhPHa/o413PJ82gU/Tg==",
      "dev": true,
      "license": "MIT",
      "funding": {
        "url": "https://github.com/sponsors/wevm"
      },
      "peerDependencies": {
        "typescript": ">=5.0.4",
        "zod": "^3.22.0 || ^4.0.0"
      },
      "peerDependenciesMeta": {
        "typescript": {
          "optional": true
        },
        "zod": {
          "optional": true
        }
      }
    },
    "node_modules/canonicalize": {
      "version": "2.1.0",
      "resolved": "https://registry.npmjs.org/canonicalize/-/canonicalize-2.1.0.tgz",
      "integrity": "sha512-F705O3xrsUtgt98j7leetNhTWPe+5S72rlL5O4jA1pKqBVQ/dT1O1D6PFxmSXvc0SUOinWS57DKx0I3CHrXJHQ==",
      "dev": true,
      "license": "Apache-2.0",
      "bin": {
        "canonicalize": "bin/canonicalize.js"
      }
    },
    "node_modules/eventemitter3": {
      "version": "5.0.1",
      "resolved": "https://registry.npmjs.org/eventemitter3/-/eventemitter3-5.0.1.tgz",
      "integrity": "sha512-GWkBvjiSZK87ELrYOSESUYeVIc9mvLLf/nXalMOS5dYrgZq9o5OVkbZAVM06CVxYsCwH9BDZFPlQTlPA1j4ahA==",
      "dev": true,
      "license": "MIT"
    },
    "node_modules/fast-sha256": {
      "version": "1.3.0",
      "resolved": "https://registry.npmjs.org/fast-sha256/-/fast-sha256-1.3.0.tgz",
      "integrity": "sha512-n11RGP/lrWEFI/bWdygLxhI+pVeo1ZYIVwvvPkW7azl/rOy+F3HYRZ2K5zeE9mmkhQppyv9sQFx0JM9UabnpPQ==",
      "dev": true,
      "license": "Unlicense"
    },
    "node_modules/isows": {
      "version": "1.0.7",
      "resolved": "https://registry.npmjs.org/isows/-/isows-1.0.7.tgz",
      "integrity": "sha512-I1fSfDCZL5P0v33sVqeTDSpcstAg/N+wF5HS033mogOVIp4B+oHC7oOCsA3axAbBSGTJ8QubbNmnIRN/h8U7hg==",
      "dev": true,
      "funding": [
        {
          "type": "github",
          "url": "https://github.com/sponsors/wevm"
        }
      ],
      "license": "MIT",
      "peerDependencies": {
        "ws": "*"
      }
    },
    "node_modules/jose": {
      "version": "6.2.12",
      "resolved": "https://registry.npmjs.org/jose/-/jose-6.2.12.tgz",
      "integrity": "sha512-9NiFmJEex0sy2Dk58j2UGBSHgUs2ypF9eZSu4L6vjOX3Dp96Sw1F3uL+H+D1sx02jZZdzUT0HgvCy59CuvXcWw==",
      "dev": true,
      "license": "MIT",
      "funding": {
        "url": "https://github.com/sponsors/panva"
      }
    },
    "node_modules/lru-cache": {
      "version": "11.5.3",
      "resolved": "https://registry.npmjs.org/lru-cache/-/lru-cache-11.5.3.tgz",
      "integrity": "sha512-U4N8FgzmWxc8k1VH8Kr6lQg18U7Fjvby6wXHVRX/ZZ7IwWbRMgrRbP0Wrb5q5NVinryp4SQampHKdvtecItxUg==",
      "dev": true,
      "license": "BlueOak-1.0.0",
      "engines": {
        "node": "20 || >=22"
      }
    },
    "node_modules/ox": {
      "version": "0.14.45",
      "resolved": "https://registry.npmjs.org/ox/-/ox-0.14.45.tgz",
      "integrity": "sha512-jpsQ+p0JZh9mKCxxzxz0d5qFHZZg2/O9xW18IpEC/dNXXPVqmDJ0c//9RMz0CILkbSGPA42+cbU0fC/ghwJ03w==",
      "dev": true,
      "funding": [
        {
          "type": "github",
          "url": "https://github.com/sponsors/wevm"
        }
      ],
      "license": "MIT",
      "dependencies": {
        "@adraffy/ens-normalize": "^1.11.0",
        "@noble/ciphers": "^1.3.0",
        "@noble/curves": "1.9.1",
        "@noble/hashes": "^1.8.0",
        "@scure/bip32": "^1.7.0",
        "@scure/bip39": "^1.6.0",
        "abitype": "^1.2.3",
        "eventemitter3": "5.0.1"
      },
      "peerDependencies": {
        "typescript": ">=5.4.0"
      },
      "peerDependenciesMeta": {
        "typescript": {
          "optional": true
        }
      }
    },
    "node_modules/ox/node_modules/@noble/curves": {
      "version": "1.9.1",
      "resolved": "https://registry.npmjs.org/@noble/curves/-/curves-1.9.1.tgz",
      "integrity": "sha512-k11yZxZg+t+gWvBbIswW0yoJlu8cHOC7dhunwOzoWH/mXGBiYyR4YY6hAEK/3EUs4UpB8la1RfdRpeGsFHkWsA==",
      "dev": true,
      "license": "MIT",
      "dependencies": {
        "@noble/hashes": "1.8.0"
      },
      "engines": {
        "node": "^14.21.3 || >=16"
      },
      "funding": {
        "url": "https://paulmillr.com/funding/"
      }
    },
    "node_modules/playwright": {
      "version": "1.63.0",
      "resolved": "https://registry.npmjs.org/playwright/-/playwright-1.63.0.tgz",
      "integrity": "sha512-+7ziBLidS4NaNCdt57SUDT+wYmmd5fmiQejUic/kb+YsYSCPyOOE9sebzMjNmQrsnNpDJqd4WHvV/8lfKfUDUg==",
      "dev": true,
      "license": "Apache-2.0",
      "optional": true,
      "dependencies": {
        "playwright-core": "1.63.0"
      },
      "bin": {
        "playwright": "cli.js"
      },
      "engines": {
        "node": ">=20"
      }
    },
    "node_modules/playwright-core": {
      "version": "1.63.0",
      "resolved": "https://registry.npmjs.org/playwright-core/-/playwright-core-1.63.0.tgz",
      "integrity": "sha512-rYCsBF/M5HjUch52bbtVONEFjv6Xu8sm8h72dNlR5bzIE1fvC/bxgspzkjSfU+MweEMmPM8KJebG6nnyxo5mCg==",
      "dev": true,
      "license": "Apache-2.0",
      "optional": true,
      "bin": {
        "playwright-core": "cli.js"
      },
      "engines": {
        "node": ">=20"
      }
    },
    "node_modules/standardwebhooks": {
      "version": "1.0.0",
      "resolved": "https://registry.npmjs.org/standardwebhooks/-/standardwebhooks-1.0.0.tgz",
      "integrity": "sha512-BbHGOQK9olHPMvQNHWul6MYlrRTAOKn03rOe4A8O3CLWhNf4YHBqq2HJKKC+sfqpxiBY52pNeesD6jIiLDz8jg==",
      "dev": true,
      "license": "MIT",
      "dependencies": {
        "@stablelib/base64": "^1.0.0",
        "fast-sha256": "^1.3.0"
      }
    },
    "node_modules/svix": {
      "version": "1.99.1",
      "resolved": "https://registry.npmjs.org/svix/-/svix-1.99.1.tgz",
      "integrity": "sha512-JfpvbAg5iT5NagDAfOq3e6Ci6NbOMbMm6C3DnfDBB60m2JDK+Z2hXPE9XNAmutb53DCdPoih1V70IbklZnX09A==",
      "dev": true,
      "license": "MIT",
      "dependencies": {
        "standardwebhooks": "1.0.0"
      }
    },
    "node_modules/viem": {
      "version": "2.57.1",
      "resolved": "https://registry.npmjs.org/viem/-/viem-2.57.1.tgz",
      "integrity": "sha512-eOV3fHnaMzkIFRefZg1icWztAKvBHg7RMKEH89ywY7hnyq1VxI4s/osXnTBViOsEZ7/LbbxU3w+JaIrbeIXRPQ==",
      "dev": true,
      "funding": [
        {
          "type": "github",
          "url": "https://github.com/sponsors/wevm"
        }
      ],
      "license": "MIT",
      "dependencies": {
        "@noble/curves": "1.9.1",
        "@noble/hashes": "1.8.0",
        "@scure/bip32": "1.7.0",
        "@scure/bip39": "1.6.0",
        "abitype": "1.2.3",
        "isows": "1.0.7",
        "ox": "0.14.45",
        "ws": "8.21.0"
      },
      "peerDependencies": {
        "typescript": ">=5.0.4"
      },
      "peerDependenciesMeta": {
        "typescript": {
          "optional": true
        }
      }
    },
    "node_modules/viem/node_modules/@noble/curves": {
      "version": "1.9.1",
      "resolved": "https://registry.npmjs.org/@noble/curves/-/curves-1.9.1.tgz",
      "integrity": "sha512-k11yZxZg+t+gWvBbIswW0yoJlu8cHOC7dhunwOzoWH/mXGBiYyR4YY6hAEK/3EUs4UpB8la1RfdRpeGsFHkWsA==",
      "dev": true,
      "license": "MIT",
      "dependencies": {
        "@noble/hashes": "1.8.0"
      },
      "engines": {
        "node": "^14.21.3 || >=16"
      },
      "funding": {
        "url": "https://paulmillr.com/funding/"
      }
    },
    "node_modules/ws": {
      "version": "8.21.0",
      "resolved": "https://registry.npmjs.org/ws/-/ws-8.21.0.tgz",
      "integrity": "sha512-Vsp28b7DRcimFQvrqu2Wek3z1iYxDCWqHYB8Qsnk/S4RfaCQzPGPyBNuVjJV3cd6UiKtUtp6sNM77gWvzcCH+g==",
      "dev": true,
      "license": "MIT",
      "engines": {
        "node": ">=10.0.0"
      },
      "peerDependencies": {
        "bufferutil": "^4.0.1",
        "utf-8-validate": ">=5.0.2"
      },
      "peerDependenciesMeta": {
        "bufferutil": {
          "optional": true
        },
        "utf-8-validate": {
          "optional": true
        }
      }
    }
  }
}
